// !$*UTF8*$!
{
	archiveVersion = 1;
	classes = {
	};
	objectVersion = 51;
	objects = {

/* Begin PBXBuildFile section */
		1D36450026A4B55200B0C248 /* AppDelegate.swift in Sources */ = {isa = PBXBuildFile; fileRef = 1D3644FF26A4B55200B0C248 /* AppDelegate.swift */; };
		1D36450226A4B55200B0C248 /* SceneDelegate.swift in Sources */ = {isa = PBXBuildFile; fileRef = 1D36450126A4B55200B0C248 /* SceneDelegate.swift */; };
		1D36450926A4B55600B0C248 /* Assets.xcassets in Resources */ = {isa = PBXBuildFile; fileRef = 1D36450826A4B55600B0C248 /* Assets.xcassets */; };
		1D36450C26A4B55600B0C248 /* LaunchScreen.storyboard in Resources */ = {isa = PBXBuildFile; fileRef = 1D36450A26A4B55600B0C248 /* LaunchScreen.storyboard */; };
		1D36451826A4B68800B0C248 /* BaseViewController.swift in Sources */ = {isa = PBXBuildFile; fileRef = 1D36451726A4B68800B0C248 /* BaseViewController.swift */; };
		95580A3826A82C310051B3DD /* Int+Extensions.swift in Sources */ = {isa = PBXBuildFile; fileRef = 95580A3726A82C310051B3DD /* Int+Extensions.swift */; };
		95580A3A26A834BC0051B3DD /* Double+Extensions.swift in Sources */ = {isa = PBXBuildFile; fileRef = 95580A3926A834BC0051B3DD /* Double+Extensions.swift */; };
		95F1367826A5506A0008CDCF /* TabBar.swift in Sources */ = {isa = PBXBuildFile; fileRef = 95F1367726A5506A0008CDCF /* TabBar.swift */; };
		95F1367A26A551CE0008CDCF /* HomeViewController.swift in Sources */ = {isa = PBXBuildFile; fileRef = 95F1367926A551CE0008CDCF /* HomeViewController.swift */; };
		95F1367C26A551FE0008CDCF /* HistoryViewController.swift in Sources */ = {isa = PBXBuildFile; fileRef = 95F1367B26A551FE0008CDCF /* HistoryViewController.swift */; };
		95F1368226A556700008CDCF /* GradientView.swift in Sources */ = {isa = PBXBuildFile; fileRef = 95F1368126A556700008CDCF /* GradientView.swift */; };
		95F1368726A55CDA0008CDCF /* CircularButton.swift in Sources */ = {isa = PBXBuildFile; fileRef = 95F1368626A55CDA0008CDCF /* CircularButton.swift */; };
		95F1368926A55E720008CDCF /* LocationManager.swift in Sources */ = {isa = PBXBuildFile; fileRef = 95F1368826A55E720008CDCF /* LocationManager.swift */; };
		95F1368B26A6B06C0008CDCF /* CurrentRunViewController.swift in Sources */ = {isa = PBXBuildFile; fileRef = 95F1368A26A6B06C0008CDCF /* CurrentRunViewController.swift */; };
		CC600CCA66A891F53A305099 /* Pods_RunAwesome.framework in Frameworks */ = {isa = PBXBuildFile; fileRef = 5290C7A448B364718145749D /* Pods_RunAwesome.framework */; };
/* End PBXBuildFile section */

/* Begin PBXFileReference section */
		1D3644FC26A4B55200B0C248 /* RunAwesome.app */ = {isa = PBXFileReference; explicitFileType = wrapper.application; includeInIndex = 0; path = RunAwesome.app; sourceTree = BUILT_PRODUCTS_DIR; };
		1D3644FF26A4B55200B0C248 /* AppDelegate.swift */ = {isa = PBXFileReference; lastKnownFileType = sourcecode.swift; path = AppDelegate.swift; sourceTree = "<group>"; };
		1D36450126A4B55200B0C248 /* SceneDelegate.swift */ = {isa = PBXFileReference; lastKnownFileType = sourcecode.swift; path = SceneDelegate.swift; sourceTree = "<group>"; };
		1D36450826A4B55600B0C248 /* Assets.xcassets */ = {isa = PBXFileReference; lastKnownFileType = folder.assetcatalog; path = Assets.xcassets; sourceTree = "<group>"; };
		1D36450B26A4B55600B0C248 /* Base */ = {isa = PBXFileReference; lastKnownFileType = file.storyboard; name = Base; path = Base.lproj/LaunchScreen.storyboard; sourceTree = "<group>"; };
		1D36450D26A4B55600B0C248 /* Info.plist */ = {isa = PBXFileReference; lastKnownFileType = text.plist.xml; path = Info.plist; sourceTree = "<group>"; };
		1D36451726A4B68800B0C248 /* BaseViewController.swift */ = {isa = PBXFileReference; lastKnownFileType = sourcecode.swift; path = BaseViewController.swift; sourceTree = "<group>"; };
		5290C7A448B364718145749D /* Pods_RunAwesome.framework */ = {isa = PBXFileReference; explicitFileType = wrapper.framework; includeInIndex = 0; path = Pods_RunAwesome.framework; sourceTree = BUILT_PRODUCTS_DIR; };
		95580A3726A82C310051B3DD /* Int+Extensions.swift */ = {isa = PBXFileReference; lastKnownFileType = sourcecode.swift; path = "Int+Extensions.swift"; sourceTree = "<group>"; };
		95580A3926A834BC0051B3DD /* Double+Extensions.swift */ = {isa = PBXFileReference; lastKnownFileType = sourcecode.swift; path = "Double+Extensions.swift"; sourceTree = "<group>"; };
		95F1367726A5506A0008CDCF /* TabBar.swift */ = {isa = PBXFileReference; lastKnownFileType = sourcecode.swift; path = TabBar.swift; sourceTree = "<group>"; };
		95F1367926A551CE0008CDCF /* HomeViewController.swift */ = {isa = PBXFileReference; lastKnownFileType = sourcecode.swift; path = HomeViewController.swift; sourceTree = "<group>"; };
		95F1367B26A551FE0008CDCF /* HistoryViewController.swift */ = {isa = PBXFileReference; lastKnownFileType = sourcecode.swift; path = HistoryViewController.swift; sourceTree = "<group>"; };
		95F1368126A556700008CDCF /* GradientView.swift */ = {isa = PBXFileReference; lastKnownFileType = sourcecode.swift; path = GradientView.swift; sourceTree = "<group>"; };
		95F1368626A55CDA0008CDCF /* CircularButton.swift */ = {isa = PBXFileReference; lastKnownFileType = sourcecode.swift; path = CircularButton.swift; sourceTree = "<group>"; };
		95F1368826A55E720008CDCF /* LocationManager.swift */ = {isa = PBXFileReference; lastKnownFileType = sourcecode.swift; path = LocationManager.swift; sourceTree = "<group>"; };
		95F1368A26A6B06C0008CDCF /* CurrentRunViewController.swift */ = {isa = PBXFileReference; lastKnownFileType = sourcecode.swift; path = CurrentRunViewController.swift; sourceTree = "<group>"; };
		9C35456E71AB0C8AEB0B80E5 /* Pods-RunAwesome.debug.xcconfig */ = {isa = PBXFileReference; includeInIndex = 1; lastKnownFileType = text.xcconfig; name = "Pods-RunAwesome.debug.xcconfig"; path = "Target Support Files/Pods-RunAwesome/Pods-RunAwesome.debug.xcconfig"; sourceTree = "<group>"; };
		BED15243BC165E62D48DE609 /* Pods-RunAwesome.release.xcconfig */ = {isa = PBXFileReference; includeInIndex = 1; lastKnownFileType = text.xcconfig; name = "Pods-RunAwesome.release.xcconfig"; path = "Target Support Files/Pods-RunAwesome/Pods-RunAwesome.release.xcconfig"; sourceTree = "<group>"; };
/* End PBXFileReference section */

/* Begin PBXFrameworksBuildPhase section */
		1D3644F926A4B55200B0C248 /* Frameworks */ = {
			isa = PBXFrameworksBuildPhase;
			buildActionMask = 2147483647;
			files = (
				CC600CCA66A891F53A305099 /* Pods_RunAwesome.framework in Frameworks */,
			);
			runOnlyForDeploymentPostprocessing = 0;
		};
/* End PBXFrameworksBuildPhase section */

/* Begin PBXGroup section */
		1D3644F326A4B55200B0C248 = {
			isa = PBXGroup;
			children = (
				1D3644FE26A4B55200B0C248 /* RunAwesome */,
				1D3644FD26A4B55200B0C248 /* Products */,
				B91DD8C183427D9E8CE3C6B2 /* Pods */,
				914B00B4825ACB6D344566A0 /* Frameworks */,
			);
			sourceTree = "<group>";
		};
		1D3644FD26A4B55200B0C248 /* Products */ = {
			isa = PBXGroup;
			children = (
				1D3644FC26A4B55200B0C248 /* RunAwesome.app */,
			);
			name = Products;
			sourceTree = "<group>";
		};
		1D3644FE26A4B55200B0C248 /* RunAwesome */ = {
			isa = PBXGroup;
			children = (
				95F1368026A5565E0008CDCF /* Views */,
				95F1367626A550580008CDCF /* Helpers */,
				1D36451626A4B64F00B0C248 /* ViewControllers */,
				1D36451326A4B58E00B0C248 /* AppStuff */,
			);
			path = RunAwesome;
			sourceTree = "<group>";
		};
		1D36451326A4B58E00B0C248 /* AppStuff */ = {
			isa = PBXGroup;
			children = (
				1D3644FF26A4B55200B0C248 /* AppDelegate.swift */,
				1D36450126A4B55200B0C248 /* SceneDelegate.swift */,
				1D36450826A4B55600B0C248 /* Assets.xcassets */,
				1D36450A26A4B55600B0C248 /* LaunchScreen.storyboard */,
				1D36450D26A4B55600B0C248 /* Info.plist */,
			);
			path = AppStuff;
			sourceTree = "<group>";
		};
		1D36451626A4B64F00B0C248 /* ViewControllers */ = {
			isa = PBXGroup;
			children = (
				1D36451726A4B68800B0C248 /* BaseViewController.swift */,
				95F1367926A551CE0008CDCF /* HomeViewController.swift */,
				95F1367B26A551FE0008CDCF /* HistoryViewController.swift */,
				95F1368A26A6B06C0008CDCF /* CurrentRunViewController.swift */,
			);
			path = ViewControllers;
			sourceTree = "<group>";
		};
		914B00B4825ACB6D344566A0 /* Frameworks */ = {
			isa = PBXGroup;
			children = (
				5290C7A448B364718145749D /* Pods_RunAwesome.framework */,
			);
			name = Frameworks;
			sourceTree = "<group>";
		};
		95F1367626A550580008CDCF /* Helpers */ = {
			isa = PBXGroup;
			children = (
				95F1367726A5506A0008CDCF /* TabBar.swift */,
				95F1368826A55E720008CDCF /* LocationManager.swift */,
				95580A3726A82C310051B3DD /* Int+Extensions.swift */,
				95580A3926A834BC0051B3DD /* Double+Extensions.swift */,
			);
			path = Helpers;
			sourceTree = "<group>";
		};
		95F1368026A5565E0008CDCF /* Views */ = {
			isa = PBXGroup;
			children = (
				95F1368126A556700008CDCF /* GradientView.swift */,
				95F1368626A55CDA0008CDCF /* CircularButton.swift */,
			);
			path = Views;
			sourceTree = "<group>";
		};
		B91DD8C183427D9E8CE3C6B2 /* Pods */ = {
			isa = PBXGroup;
			children = (
				9C35456E71AB0C8AEB0B80E5 /* Pods-RunAwesome.debug.xcconfig */,
				BED15243BC165E62D48DE609 /* Pods-RunAwesome.release.xcconfig */,
			);
			path = Pods;
			sourceTree = "<group>";
		};
/* End PBXGroup section */

/* Begin PBXNativeTarget section */
		1D3644FB26A4B55200B0C248 /* RunAwesome */ = {
			isa = PBXNativeTarget;
			buildConfigurationList = 1D36451026A4B55600B0C248 /* Build configuration list for PBXNativeTarget "RunAwesome" */;
			buildPhases = (
				DCEF8F65D63640E612C5103A /* [CP] Check Pods Manifest.lock */,
				1D3644F826A4B55200B0C248 /* Sources */,
				1D3644F926A4B55200B0C248 /* Frameworks */,
				1D3644FA26A4B55200B0C248 /* Resources */,
				4547220BB54F64A5556CD523 /* [CP] Embed Pods Frameworks */,
			);
			buildRules = (
			);
			dependencies = (
			);
			name = RunAwesome;
			productName = RunAwesome;
			productReference = 1D3644FC26A4B55200B0C248 /* RunAwesome.app */;
			productType = "com.apple.product-type.application";
		};
/* End PBXNativeTarget section */

/* Begin PBXProject section */
		1D3644F426A4B55200B0C248 /* Project object */ = {
			isa = PBXProject;
			attributes = {
				LastSwiftUpdateCheck = 1250;
				LastUpgradeCheck = 1250;
				TargetAttributes = {
					1D3644FB26A4B55200B0C248 = {
						CreatedOnToolsVersion = 12.5.1;
					};
				};
			};
			buildConfigurationList = 1D3644F726A4B55200B0C248 /* Build configuration list for PBXProject "RunAwesome" */;
			compatibilityVersion = "Xcode 9.3";
			developmentRegion = en;
			hasScannedForEncodings = 0;
			knownRegions = (
				en,
				Base,
			);
			mainGroup = 1D3644F326A4B55200B0C248;
			productRefGroup = 1D3644FD26A4B55200B0C248 /* Products */;
			projectDirPath = "";
			projectRoot = "";
			targets = (
				1D3644FB26A4B55200B0C248 /* RunAwesome */,
			);
		};
/* End PBXProject section */

/* Begin PBXResourcesBuildPhase section */
		1D3644FA26A4B55200B0C248 /* Resources */ = {
			isa = PBXResourcesBuildPhase;
			buildActionMask = 2147483647;
			files = (
				1D36450C26A4B55600B0C248 /* LaunchScreen.storyboard in Resources */,
				1D36450926A4B55600B0C248 /* Assets.xcassets in Resources */,
			);
			runOnlyForDeploymentPostprocessing = 0;
		};
/* End PBXResourcesBuildPhase section */

/* Begin PBXShellScriptBuildPhase section */
		4547220BB54F64A5556CD523 /* [CP] Embed Pods Frameworks */ = {
			isa = PBXShellScriptBuildPhase;
			buildActionMask = 2147483647;
			files = (
			);
			inputFileListPaths = (
				"${PODS_ROOT}/Target Support Files/Pods-RunAwesome/Pods-RunAwesome-frameworks-${CONFIGURATION}-input-files.xcfilelist",
			);
			name = "[CP] Embed Pods Frameworks";
			outputFileListPaths = (
				"${PODS_ROOT}/Target Support Files/Pods-RunAwesome/Pods-RunAwesome-frameworks-${CONFIGURATION}-output-files.xcfilelist",
			);
			runOnlyForDeploymentPostprocessing = 0;
			shellPath = /bin/sh;
			shellScript = "\"${PODS_ROOT}/Target Support Files/Pods-RunAwesome/Pods-RunAwesome-frameworks.sh\"\n";
			showEnvVarsInLog = 0;
		};
		DCEF8F65D63640E612C5103A /* [CP] Check Pods Manifest.lock */ = {
			isa = PBXShellScriptBuildPhase;
			buildActionMask = 2147483647;
			files = (
			);
			inputFileListPaths = (
			);
			inputPaths = (
				"${PODS_PODFILE_DIR_PATH}/Podfile.lock",
				"${PODS_ROOT}/Manifest.lock",
			);
			name = "[CP] Check Pods Manifest.lock";
			outputFileListPaths = (
			);
			outputPaths = (
				"$(DERIVED_FILE_DIR)/Pods-RunAwesome-checkManifestLockResult.txt",
			);
			runOnlyForDeploymentPostprocessing = 0;
			shellPath = /bin/sh;
			shellScript = "diff \"${PODS_PODFILE_DIR_PATH}/Podfile.lock\" \"${PODS_ROOT}/Manifest.lock\" > /dev/null\nif [ $? != 0 ] ; then\n    # print error to STDERR\n    echo \"error: The sandbox is not in sync with the Podfile.lock. Run 'pod install' or update your CocoaPods installation.\" >&2\n    exit 1\nfi\n# This output is used by Xcode 'outputs' to avoid re-running this script phase.\necho \"SUCCESS\" > \"${SCRIPT_OUTPUT_FILE_0}\"\n";
			showEnvVarsInLog = 0;
		};
/* End PBXShellScriptBuildPhase section */

/* Begin PBXSourcesBuildPhase section */
		1D3644F826A4B55200B0C248 /* Sources */ = {
			isa = PBXSourcesBuildPhase;
			buildActionMask = 2147483647;
			files = (
				95580A3A26A834BC0051B3DD /* Double+Extensions.swift in Sources */,
				95F1368726A55CDA0008CDCF /* CircularButton.swift in Sources */,
				95F1367A26A551CE0008CDCF /* HomeViewController.swift in Sources */,
				1D36450026A4B55200B0C248 /* AppDelegate.swift in Sources */,
				1D36450226A4B55200B0C248 /* SceneDelegate.swift in Sources */,
				95F1367C26A551FE0008CDCF /* HistoryViewController.swift in Sources */,
				95F1368226A556700008CDCF /* GradientView.swift in Sources */,
				95F1368B26A6B06C0008CDCF /* CurrentRunViewController.swift in Sources */,
				95580A3826A82C310051B3DD /* Int+Extensions.swift in Sources */,
				1D36451826A4B68800B0C248 /* BaseViewController.swift in Sources */,
				95F1367826A5506A0008CDCF /* TabBar.swift in Sources */,
				95F1368926A55E720008CDCF /* LocationManager.swift in Sources */,
			);
			runOnlyForDeploymentPostprocessing = 0;
		};
/* End PBXSourcesBuildPhase section */

/* Begin PBXVariantGroup section */
		1D36450A26A4B55600B0C248 /* LaunchScreen.storyboard */ = {
			isa = PBXVariantGroup;
			children = (
				1D36450B26A4B55600B0C248 /* Base */,
			);
			name = LaunchScreen.storyboard;
			sourceTree = "<group>";
		};
/* End PBXVariantGroup section */

/* Begin XCBuildConfiguration section */
		1D36450E26A4B55600B0C248 /* Debug */ = {
			isa = XCBuildConfiguration;
			buildSettings = {
				ALWAYS_SEARCH_USER_PATHS = NO;
				CLANG_ANALYZER_NONNULL = YES;
				CLANG_ANALYZER_NUMBER_OBJECT_CONVERSION = YES_AGGRESSIVE;
				CLANG_CXX_LANGUAGE_STANDARD = "gnu++14";
				CLANG_CXX_LIBRARY = "libc++";
				CLANG_ENABLE_MODULES = YES;
				CLANG_ENABLE_OBJC_ARC = YES;
				CLANG_ENABLE_OBJC_WEAK = YES;
				CLANG_WARN_BLOCK_CAPTURE_AUTORELEASING = YES;
				CLANG_WARN_BOOL_CONVERSION = YES;
				CLANG_WARN_COMMA = YES;
				CLANG_WARN_CONSTANT_CONVERSION = YES;
				CLANG_WARN_DEPRECATED_OBJC_IMPLEMENTATIONS = YES;
				CLANG_WARN_DIRECT_OBJC_ISA_USAGE = YES_ERROR;
				CLANG_WARN_DOCUMENTATION_COMMENTS = YES;
				CLANG_WARN_EMPTY_BODY = YES;
				CLANG_WARN_ENUM_CONVERSION = YES;
				CLANG_WARN_INFINITE_RECURSION = YES;
				CLANG_WARN_INT_CONVERSION = YES;
				CLANG_WARN_NON_LITERAL_NULL_CONVERSION = YES;
				CLANG_WARN_OBJC_IMPLICIT_RETAIN_SELF = YES;
				CLANG_WARN_OBJC_LITERAL_CONVERSION = YES;
				CLANG_WARN_OBJC_ROOT_CLASS = YES_ERROR;
				CLANG_WARN_QUOTED_INCLUDE_IN_FRAMEWORK_HEADER = YES;
				CLANG_WARN_RANGE_LOOP_ANALYSIS = YES;
				CLANG_WARN_STRICT_PROTOTYPES = YES;
				CLANG_WARN_SUSPICIOUS_MOVE = YES;
				CLANG_WARN_UNGUARDED_AVAILABILITY = YES_AGGRESSIVE;
				CLANG_WARN_UNREACHABLE_CODE = YES;
				CLANG_WARN__DUPLICATE_METHOD_MATCH = YES;
				COPY_PHASE_STRIP = NO;
				DEBUG_INFORMATION_FORMAT = dwarf;
				ENABLE_STRICT_OBJC_MSGSEND = YES;
				ENABLE_TESTABILITY = YES;
				GCC_C_LANGUAGE_STANDARD = gnu11;
				GCC_DYNAMIC_NO_PIC = NO;
				GCC_NO_COMMON_BLOCKS = YES;
				GCC_OPTIMIZATION_LEVEL = 0;
				GCC_PREPROCESSOR_DEFINITIONS = (
					"DEBUG=1",
					"$(inherited)",
				);
				GCC_WARN_64_TO_32_BIT_CONVERSION = YES;
				GCC_WARN_ABOUT_RETURN_TYPE = YES_ERROR;
				GCC_WARN_UNDECLARED_SELECTOR = YES;
				GCC_WARN_UNINITIALIZED_AUTOS = YES_AGGRESSIVE;
				GCC_WARN_UNUSED_FUNCTION = YES;
				GCC_WARN_UNUSED_VARIABLE = YES;
				IPHONEOS_DEPLOYMENT_TARGET = 14.5;
				MTL_ENABLE_DEBUG_INFO = INCLUDE_SOURCE;
				MTL_FAST_MATH = YES;
				ONLY_ACTIVE_ARCH = YES;
				SDKROOT = iphoneos;
				SWIFT_ACTIVE_COMPILATION_CONDITIONS = DEBUG;
				SWIFT_OPTIMIZATION_LEVEL = "-Onone";
			};
			name = Debug;
		};
		1D36450F26A4B55600B0C248 /* Release */ = {
			isa = XCBuildConfiguration;
			buildSettings = {
				ALWAYS_SEARCH_USER_PATHS = NO;
				CLANG_ANALYZER_NONNULL = YES;
				CLANG_ANALYZER_NUMBER_OBJECT_CONVERSION = YES_AGGRESSIVE;
				CLANG_CXX_LANGUAGE_STANDARD = "gnu++14";
				CLANG_CXX_LIBRARY = "libc++";
				CLANG_ENABLE_MODULES = YES;
				CLANG_ENABLE_OBJC_ARC = YES;
				CLANG_ENABLE_OBJC_WEAK = YES;
				CLANG_WARN_BLOCK_CAPTURE_AUTORELEASING = YES;
				CLANG_WARN_BOOL_CONVERSION = YES;
				CLANG_WARN_COMMA = YES;
				CLANG_WARN_CONSTANT_CONVERSION = YES;
				CLANG_WARN_DEPRECATED_OBJC_IMPLEMENTATIONS = YES;
				CLANG_WARN_DIRECT_OBJC_ISA_USAGE = YES_ERROR;
				CLANG_WARN_DOCUMENTATION_COMMENTS = YES;
				CLANG_WARN_EMPTY_BODY = YES;
				CLANG_WARN_ENUM_CONVERSION = YES;
				CLANG_WARN_INFINITE_RECURSION = YES;
				CLANG_WARN_INT_CONVERSION = YES;
				CLANG_WARN_NON_LITERAL_NULL_CONVERSION = YES;
				CLANG_WARN_OBJC_IMPLICIT_RETAIN_SELF = YES;
				CLANG_WARN_OBJC_LITERAL_CONVERSION = YES;
				CLANG_WARN_OBJC_ROOT_CLASS = YES_ERROR;
				CLANG_WARN_QUOTED_INCLUDE_IN_FRAMEWORK_HEADER = YES;
				CLANG_WARN_RANGE_LOOP_ANALYSIS = YES;
				CLANG_WARN_STRICT_PROTOTYPES = YES;
				CLANG_WARN_SUSPICIOUS_MOVE = YES;
				CLANG_WARN_UNGUARDED_AVAILABILITY = YES_AGGRESSIVE;
				CLANG_WARN_UNREACHABLE_CODE = YES;
				CLANG_WARN__DUPLICATE_METHOD_MATCH = YES;
				COPY_PHASE_STRIP = NO;
				DEBUG_INFORMATION_FORMAT = "dwarf-with-dsym";
				ENABLE_NS_ASSERTIONS = NO;
				ENABLE_STRICT_OBJC_MSGSEND = YES;
				GCC_C_LANGUAGE_STANDARD = gnu11;
				GCC_NO_COMMON_BLOCKS = YES;
				GCC_WARN_64_TO_32_BIT_CONVERSION = YES;
				GCC_WARN_ABOUT_RETURN_TYPE = YES_ERROR;
				GCC_WARN_UNDECLARED_SELECTOR = YES;
				GCC_WARN_UNINITIALIZED_AUTOS = YES_AGGRESSIVE;
				GCC_WARN_UNUSED_FUNCTION = YES;
				GCC_WARN_UNUSED_VARIABLE = YES;
				IPHONEOS_DEPLOYMENT_TARGET = 14.5;
				MTL_ENABLE_DEBUG_INFO = NO;
				MTL_FAST_MATH = YES;
				SDKROOT = iphoneos;
				SWIFT_COMPILATION_MODE = wholemodule;
				SWIFT_OPTIMIZATION_LEVEL = "-O";
				VALIDATE_PRODUCT = YES;
			};
			name = Release;
		};
		1D36451126A4B55600B0C248 /* Debug */ = {
			isa = XCBuildConfiguration;
			baseConfigurationReference = 9C35456E71AB0C8AEB0B80E5 /* Pods-RunAwesome.debug.xcconfig */;
			buildSettings = {
				ASSETCATALOG_COMPILER_APPICON_NAME = AppIcon;
				ASSETCATALOG_COMPILER_GLOBAL_ACCENT_COLOR_NAME = AccentColor;
				CODE_SIGN_STYLE = Automatic;
				DEVELOPMENT_TEAM = L8W86DZDY2;
				INFOPLIST_FILE = RunAwesome/AppStuff/Info.plist;
				LD_RUNPATH_SEARCH_PATHS = (
					"$(inherited)",
					"@executable_path/Frameworks",
				);
				PRODUCT_BUNDLE_IDENTIFIER = com.ri.RunAwesome;
				PRODUCT_NAME = "$(TARGET_NAME)";
				SWIFT_VERSION = 5.0;
				TARGETED_DEVICE_FAMILY = "1,2";
			};
			name = Debug;
		};
		1D36451226A4B55600B0C248 /* Release */ = {
			isa = XCBuildConfiguration;
			baseConfigurationReference = BED15243BC165E62D48DE609 /* Pods-RunAwesome.release.xcconfig */;
			buildSettings = {
				ASSETCATALOG_COMPILER_APPICON_NAME = AppIcon;
				ASSETCATALOG_COMPILER_GLOBAL_ACCENT_COLOR_NAME = AccentColor;
				CODE_SIGN_STYLE = Automatic;
				DEVELOPMENT_TEAM = L8W86DZDY2;
				INFOPLIST_FILE = RunAwesome/AppStuff/Info.plist;
				LD_RUNPATH_SEARCH_PATHS = (
					"$(inherited)",
					"@executable_path/Frameworks",
				);
				PRODUCT_BUNDLE_IDENTIFIER = com.ri.RunAwesome;
				PRODUCT_NAME = "$(TARGET_NAME)";
				SWIFT_VERSION = 5.0;
				TARGETED_DEVICE_FAMILY = "1,2";
			};
			name = Release;
		};
/* End XCBuildConfiguration section */

/* Begin XCConfigurationList section */
		1D3644F726A4B55200B0C248 /* Build configuration list for PBXProject "RunAwesome" */ = {
			isa = XCConfigurationList;
			buildConfigurations = (
				1D36450E26A4B55600B0C248 /* Debug */,
				1D36450F26A4B55600B0C248 /* Release */,
			);
			defaultConfigurationIsVisible = 0;
			defaultConfigurationName = Release;
		};
		1D36451026A4B55600B0C248 /* Build configuration list for PBXNativeTarget "RunAwesome" */ = {
			isa = XCConfigurationList;
			buildConfigurations = (
				1D36451126A4B55600B0C248 /* Debug */,
				1D36451226A4B55600B0C248 /* Release */,
			);
			defaultConfigurationIsVisible = 0;
			defaultConfigurationName = Release;
		};
/* End XCConfigurationList section */
	};
	rootObject = 1D3644F426A4B55200B0C248 /* Project object */;
}
